
Microsoft Visual Studio Solution File, Format Version 12.00
# Visual Studio Version 17
VisualStudioVersion = 17.5.33424.131
MinimumVisualStudioVersion = 10.0.40219.1
Project("{FAE04EC0-301F-11D3-BF4B-00C04F79EFBC}") = "23F_Halmaz_rendezessel", "23F_Halmaz_rendezessel\23F_Halmaz_rendezessel.csproj", "{49ED68D0-B3BD-492E-A5B6-2A6395E4FC97}"
EndProject
Global
	GlobalSection(SolutionConfigurationPlatforms) = preSolution
		Debug|Any CPU = Debug|Any CPU
		Release|Any CPU = Release|Any CPU
	EndGlobalSection
	GlobalSection(ProjectConfigurationPlatforms) = postSolution
		{49ED68D0-B3BD-492E-A5B6-2A6395E4FC97}.Debug|Any CPU.ActiveCfg = Debug|Any CPU
		{49ED68D0-B3BD-492E-A5B6-2A6395E4FC97}.Debug|Any CPU.Build.0 = Debug|Any CPU
		{49ED68D0-B3BD-492E-A5B6-2A6395E4FC97}.Release|Any CPU.ActiveCfg = Release|Any CPU
		{49ED68D0-B3BD-492E-A5B6-2A6395E4FC97}.Release|Any CPU.Build.0 = Release|Any CPU
	EndGlobalSection
	GlobalSection(SolutionProperties) = preSolution
		HideSolutionNode = FALSE
	EndGlobalSection
	GlobalSection(ExtensibilityGlobals) = postSolution
		SolutionGuid = {7EB25148-02B0-4F37-8AC5-A120C9387103}
	EndGlobalSection
EndGlobal
